
Microsoft Visual Studio Solution File, Format Version 12.00
# Visual Studio Version 17
VisualStudioVersion = 17.10.35013.160
MinimumVisualStudioVersion = 10.0.40219.1
Project("{FAE04EC0-301F-11D3-BF4B-00C04F79EFBC}") = "LoggingLog4Net", "LoggingLog4Net.csproj", "{B4FBD609-DC70-4189-8450-933501DA4370}"
EndProject
Global
	GlobalSection(SolutionConfigurationPlatforms) = preSolution
		Debug|Any CPU = Debug|Any CPU
		Release|Any CPU = Release|Any CPU
	EndGlobalSection
	GlobalSection(ProjectConfigurationPlatforms) = postSolution
		{B4FBD609-DC70-4189-8450-933501DA4370}.Debug|Any CPU.ActiveCfg = Debug|Any CPU
		{B4FBD609-DC70-4189-8450-933501DA4370}.Debug|Any CPU.Build.0 = Debug|Any CPU
		{B4FBD609-DC70-4189-8450-933501DA4370}.Release|Any CPU.ActiveCfg = Release|Any CPU
		{B4FBD609-DC70-4189-8450-933501DA4370}.Release|Any CPU.Build.0 = Release|Any CPU
	EndGlobalSection
	GlobalSection(SolutionProperties) = preSolution
		HideSolutionNode = FALSE
	EndGlobalSection
	GlobalSection(ExtensibilityGlobals) = postSolution
		SolutionGuid = {1ECD6112-11BD-4F18-BF88-449179B73749}
	EndGlobalSection
EndGlobal
